
Microsoft Visual Studio Solution File, Format Version 12.00
# Visual Studio Version 17
VisualStudioVersion = 17.14.36930.0 d17.14
MinimumVisualStudioVersion = 10.0.40219.1
Project("{FAE04EC0-301F-11D3-BF4B-00C04F79EFBC}") = "CPFarmRegistrar", "CPFarmRegistrar.csproj", "{D042523A-FC8B-F02C-B31A-F856F68964A2}"
EndProject
Global
	GlobalSection(SolutionConfigurationPlatforms) = preSolution
		Debug|Any CPU = Debug|Any CPU
		Release|Any CPU = Release|Any CPU
	EndGlobalSection
	GlobalSection(ProjectConfigurationPlatforms) = postSolution
		{D042523A-FC8B-F02C-B31A-F856F68964A2}.Debug|Any CPU.ActiveCfg = Debug|Any CPU
		{D042523A-FC8B-F02C-B31A-F856F68964A2}.Debug|Any CPU.Build.0 = Debug|Any CPU
		{D042523A-FC8B-F02C-B31A-F856F68964A2}.Release|Any CPU.ActiveCfg = Release|Any CPU
		{D042523A-FC8B-F02C-B31A-F856F68964A2}.Release|Any CPU.Build.0 = Release|Any CPU
	EndGlobalSection
	GlobalSection(SolutionProperties) = preSolution
		HideSolutionNode = FALSE
	EndGlobalSection
	GlobalSection(ExtensibilityGlobals) = postSolution
		SolutionGuid = {6FA2CCFF-B2FA-4675-893F-286DC2785951}
	EndGlobalSection
EndGlobal
